
Microsoft Visual Studio Solution File, Format Version 12.00
# Visual Studio 15
VisualStudioVersion = 15.0.27004.2009
MinimumVisualStudioVersion = 10.0.40219.1
Project("{9A19103F-16F7-4668-BE54-9A1E7A4F7556}") = "alba", "alba\alba.csproj", "{8D6BB3F0-5670-49A3-8E5F-305DB6E52CF7}"
EndProject
Project("{9A19103F-16F7-4668-BE54-9A1E7A4F7556}") = "alba-test", "alba-test\alba-test.csproj", "{34992823-EEAE-43E6-89E8-52109623D678}"
EndProject
Project("{E53339B2-1760-4266-BCC7-CA923CBCF16C}") = "docker-compose", "compose\docker-compose.dcproj", "{497BC14D-D675-4AEF-AC23-98B14ACDDF0D}"
EndProject
Project("{9A19103F-16F7-4668-BE54-9A1E7A4F7556}") = "oas3", "oas3\oas3.csproj", "{5FA80A05-72A5-4ADD-9588-7446F72C7DE2}"
EndProject
Project("{2150E333-8FDC-42A3-9474-1A3956D46DE8}") = "Solution Items", "Solution Items", "{AFFCD05E-DAA6-46B3-AAEC-1E2E2B5455EB}"
	ProjectSection(SolutionItems) = preProject
		Dockerfile = Dockerfile
		LICENSE = LICENSE
		Readme.md = Readme.md
	EndProjectSection
EndProject
Global
	GlobalSection(SolutionConfigurationPlatforms) = preSolution
		Debug|Any CPU = Debug|Any CPU
		Release|Any CPU = Release|Any CPU
	EndGlobalSection
	GlobalSection(ProjectConfigurationPlatforms) = postSolution
		{8D6BB3F0-5670-49A3-8E5F-305DB6E52CF7}.Debug|Any CPU.ActiveCfg = Debug|Any CPU
		{8D6BB3F0-5670-49A3-8E5F-305DB6E52CF7}.Debug|Any CPU.Build.0 = Debug|Any CPU
		{8D6BB3F0-5670-49A3-8E5F-305DB6E52CF7}.Release|Any CPU.ActiveCfg = Release|Any CPU
		{8D6BB3F0-5670-49A3-8E5F-305DB6E52CF7}.Release|Any CPU.Build.0 = Release|Any CPU
		{34992823-EEAE-43E6-89E8-52109623D678}.Debug|Any CPU.ActiveCfg = Debug|Any CPU
		{34992823-EEAE-43E6-89E8-52109623D678}.Debug|Any CPU.Build.0 = Debug|Any CPU
		{34992823-EEAE-43E6-89E8-52109623D678}.Release|Any CPU.ActiveCfg = Release|Any CPU
		{34992823-EEAE-43E6-89E8-52109623D678}.Release|Any CPU.Build.0 = Release|Any CPU
		{497BC14D-D675-4AEF-AC23-98B14ACDDF0D}.Debug|Any CPU.ActiveCfg = Debug|Any CPU
		{497BC14D-D675-4AEF-AC23-98B14ACDDF0D}.Release|Any CPU.ActiveCfg = Release|Any CPU
		{497BC14D-D675-4AEF-AC23-98B14ACDDF0D}.Release|Any CPU.Build.0 = Release|Any CPU
		{5FA80A05-72A5-4ADD-9588-7446F72C7DE2}.Debug|Any CPU.ActiveCfg = Debug|Any CPU
		{5FA80A05-72A5-4ADD-9588-7446F72C7DE2}.Debug|Any CPU.Build.0 = Debug|Any CPU
		{5FA80A05-72A5-4ADD-9588-7446F72C7DE2}.Release|Any CPU.ActiveCfg = Release|Any CPU
		{5FA80A05-72A5-4ADD-9588-7446F72C7DE2}.Release|Any CPU.Build.0 = Release|Any CPU
	EndGlobalSection
	GlobalSection(SolutionProperties) = preSolution
		HideSolutionNode = FALSE
	EndGlobalSection
	GlobalSection(ExtensibilityGlobals) = postSolution
		SolutionGuid = {CDE36570-2411-4E3B-AECF-DCF1661D5A21}
	EndGlobalSection
EndGlobal
